
Microsoft Visual Studio Solution File, Format Version 12.00
# Visual Studio 15
VisualStudioVersion = 15.0.26124.0
MinimumVisualStudioVersion = 15.0.26124.0
Project("{FAE04EC0-301F-11D3-BF4B-00C04F79EFBC}") = "Domain", "Domain\Domain.csproj", "{DB2C6D11-EF05-4638-B884-56B4EB8D8BFA}"
EndProject
Project("{FAE04EC0-301F-11D3-BF4B-00C04F79EFBC}") = "Application", "Application\Application.csproj", "{9F24D585-A8CD-462E-BE8D-F76EB6704DC8}"
EndProject
Project("{FAE04EC0-301F-11D3-BF4B-00C04F79EFBC}") = "Persistence", "Persistence\Persistence.csproj", "{9ECE840D-3BA5-447E-9EFB-D95CD5B6BACB}"
EndProject
Project("{FAE04EC0-301F-11D3-BF4B-00C04F79EFBC}") = "API", "API\API.csproj", "{2A4B671D-ED5F-4100-81A0-A889E0FCA94E}"
EndProject
Global
	GlobalSection(SolutionConfigurationPlatforms) = preSolution
		Debug|Any CPU = Debug|Any CPU
		Debug|x64 = Debug|x64
		Debug|x86 = Debug|x86
		Release|Any CPU = Release|Any CPU
		Release|x64 = Release|x64
		Release|x86 = Release|x86
	EndGlobalSection
	GlobalSection(SolutionProperties) = preSolution
		HideSolutionNode = FALSE
	EndGlobalSection
	GlobalSection(ProjectConfigurationPlatforms) = postSolution
		{DB2C6D11-EF05-4638-B884-56B4EB8D8BFA}.Debug|Any CPU.ActiveCfg = Debug|Any CPU
		{DB2C6D11-EF05-4638-B884-56B4EB8D8BFA}.Debug|Any CPU.Build.0 = Debug|Any CPU
		{DB2C6D11-EF05-4638-B884-56B4EB8D8BFA}.Debug|x64.ActiveCfg = Debug|Any CPU
		{DB2C6D11-EF05-4638-B884-56B4EB8D8BFA}.Debug|x64.Build.0 = Debug|Any CPU
		{DB2C6D11-EF05-4638-B884-56B4EB8D8BFA}.Debug|x86.ActiveCfg = Debug|Any CPU
		{DB2C6D11-EF05-4638-B884-56B4EB8D8BFA}.Debug|x86.Build.0 = Debug|Any CPU
		{DB2C6D11-EF05-4638-B884-56B4EB8D8BFA}.Release|Any CPU.ActiveCfg = Release|Any CPU
		{DB2C6D11-EF05-4638-B884-56B4EB8D8BFA}.Release|Any CPU.Build.0 = Release|Any CPU
		{DB2C6D11-EF05-4638-B884-56B4EB8D8BFA}.Release|x64.ActiveCfg = Release|Any CPU
		{DB2C6D11-EF05-4638-B884-56B4EB8D8BFA}.Release|x64.Build.0 = Release|Any CPU
		{DB2C6D11-EF05-4638-B884-56B4EB8D8BFA}.Release|x86.ActiveCfg = Release|Any CPU
		{DB2C6D11-EF05-4638-B884-56B4EB8D8BFA}.Release|x86.Build.0 = Release|Any CPU
		{9F24D585-A8CD-462E-BE8D-F76EB6704DC8}.Debug|Any CPU.ActiveCfg = Debug|Any CPU
		{9F24D585-A8CD-462E-BE8D-F76EB6704DC8}.Debug|Any CPU.Build.0 = Debug|Any CPU
		{9F24D585-A8CD-462E-BE8D-F76EB6704DC8}.Debug|x64.ActiveCfg = Debug|Any CPU
		{9F24D585-A8CD-462E-BE8D-F76EB6704DC8}.Debug|x64.Build.0 = Debug|Any CPU
		{9F24D585-A8CD-462E-BE8D-F76EB6704DC8}.Debug|x86.ActiveCfg = Debug|Any CPU
		{9F24D585-A8CD-462E-BE8D-F76EB6704DC8}.Debug|x86.Build.0 = Debug|Any CPU
		{9F24D585-A8CD-462E-BE8D-F76EB6704DC8}.Release|Any CPU.ActiveCfg = Release|Any CPU
		{9F24D585-A8CD-462E-BE8D-F76EB6704DC8}.Release|Any CPU.Build.0 = Release|Any CPU
		{9F24D585-A8CD-462E-BE8D-F76EB6704DC8}.Release|x64.ActiveCfg = Release|Any CPU
		{9F24D585-A8CD-462E-BE8D-F76EB6704DC8}.Release|x64.Build.0 = Release|Any CPU
		{9F24D585-A8CD-462E-BE8D-F76EB6704DC8}.Release|x86.ActiveCfg = Release|Any CPU
		{9F24D585-A8CD-462E-BE8D-F76EB6704DC8}.Release|x86.Build.0 = Release|Any CPU
		{9ECE840D-3BA5-447E-9EFB-D95CD5B6BACB}.Debug|Any CPU.ActiveCfg = Debug|Any CPU
		{9ECE840D-3BA5-447E-9EFB-D95CD5B6BACB}.Debug|Any CPU.Build.0 = Debug|Any CPU
		{9ECE840D-3BA5-447E-9EFB-D95CD5B6BACB}.Debug|x64.ActiveCfg = Debug|Any CPU
		{9ECE840D-3BA5-447E-9EFB-D95CD5B6BACB}.Debug|x64.Build.0 = Debug|Any CPU
		{9ECE840D-3BA5-447E-9EFB-D95CD5B6BACB}.Debug|x86.ActiveCfg = Debug|Any CPU
		{9ECE840D-3BA5-447E-9EFB-D95CD5B6BACB}.Debug|x86.Build.0 = Debug|Any CPU
		{9ECE840D-3BA5-447E-9EFB-D95CD5B6BACB}.Release|Any CPU.ActiveCfg = Release|Any CPU
		{9ECE840D-3BA5-447E-9EFB-D95CD5B6BACB}.Release|Any CPU.Build.0 = Release|Any CPU
		{9ECE840D-3BA5-447E-9EFB-D95CD5B6BACB}.Release|x64.ActiveCfg = Release|Any CPU
		{9ECE840D-3BA5-447E-9EFB-D95CD5B6BACB}.Release|x64.Build.0 = Release|Any CPU
		{9ECE840D-3BA5-447E-9EFB-D95CD5B6BACB}.Release|x86.ActiveCfg = Release|Any CPU
		{9ECE840D-3BA5-447E-9EFB-D95CD5B6BACB}.Release|x86.Build.0 = Release|Any CPU
		{2A4B671D-ED5F-4100-81A0-A889E0FCA94E}.Debug|Any CPU.ActiveCfg = Debug|Any CPU
		{2A4B671D-ED5F-4100-81A0-A889E0FCA94E}.Debug|Any CPU.Build.0 = Debug|Any CPU
		{2A4B671D-ED5F-4100-81A0-A889E0FCA94E}.Debug|x64.ActiveCfg = Debug|Any CPU
		{2A4B671D-ED5F-4100-81A0-A889E0FCA94E}.Debug|x64.Build.0 = Debug|Any CPU
		{2A4B671D-ED5F-4100-81A0-A889E0FCA94E}.Debug|x86.ActiveCfg = Debug|Any CPU
		{2A4B671D-ED5F-4100-81A0-A889E0FCA94E}.Debug|x86.Build.0 = Debug|Any CPU
		{2A4B671D-ED5F-4100-81A0-A889E0FCA94E}.Release|Any CPU.ActiveCfg = Release|Any CPU
		{2A4B671D-ED5F-4100-81A0-A889E0FCA94E}.Release|Any CPU.Build.0 = Release|Any CPU
		{2A4B671D-ED5F-4100-81A0-A889E0FCA94E}.Release|x64.ActiveCfg = Release|Any CPU
		{2A4B671D-ED5F-4100-81A0-A889E0FCA94E}.Release|x64.Build.0 = Release|Any CPU
		{2A4B671D-ED5F-4100-81A0-A889E0FCA94E}.Release|x86.ActiveCfg = Release|Any CPU
		{2A4B671D-ED5F-4100-81A0-A889E0FCA94E}.Release|x86.Build.0 = Release|Any CPU
	EndGlobalSection
EndGlobal
